// !$*UTF8*$!
{
	archiveVersion = 1;
	classes = {
	};
	objectVersion = 48;
	objects = {

/* Begin PBXBuildFile section */
		815113CA1FF2634E00402EB3 /* ChocolateCandyPlatter.scn in Resources */ = {isa = PBXBuildFile; fileRef = 815113C91FF2566B00402EB3 /* ChocolateCandyPlatter.scn */; };
		815114111FF27D6100402EB3 /* Diet_soda.scn in Resources */ = {isa = PBXBuildFile; fileRef = 815113E71FF275DB00402EB3 /* Diet_soda.scn */; };
		815114121FF27DBE00402EB3 /* Soda_can_Print_color.tga in Resources */ = {isa = PBXBuildFile; fileRef = 815113E51FF2754B00402EB3 /* Soda_can_Print_color.tga */; };
		815114131FF27DC400402EB3 /* Tarelka.png in Resources */ = {isa = PBXBuildFile; fileRef = 815113D91FF2704500402EB3 /* Tarelka.png */; };
		815114141FF27E6400402EB3 /* Can.scn in Resources */ = {isa = PBXBuildFile; fileRef = 815113D21FF2669700402EB3 /* Can.scn */; };
		815114151FF27E6700402EB3 /* Can_Texture_TomatoSoup.png in Resources */ = {isa = PBXBuildFile; fileRef = 815113D11FF2662100402EB3 /* Can_Texture_TomatoSoup.png */; };
		815114161FF27E6900402EB3 /* Can_Texture_PeaStew.png in Resources */ = {isa = PBXBuildFile; fileRef = 815113CB1FF2661E00402EB3 /* Can_Texture_PeaStew.png */; };
		815114171FF27E6D00402EB3 /* Can_Texture_Ministrone.png in Resources */ = {isa = PBXBuildFile; fileRef = 815113CE1FF2661F00402EB3 /* Can_Texture_Ministrone.png */; };
		8159C5F41FF1326D002FFCE5 /* ChocolateCake.scn in Resources */ = {isa = PBXBuildFile; fileRef = 8159C5F31FF131BC002FFCE5 /* ChocolateCake.scn */; };
		8159C5F51FF13277002FFCE5 /* Tarelka.scn in Resources */ = {isa = PBXBuildFile; fileRef = 8159C5EE1FF13013002FFCE5 /* Tarelka.scn */; };
		8159C5F61FF1327D002FFCE5 /* glass.scn in Resources */ = {isa = PBXBuildFile; fileRef = 8159C5EC1FF12F9E002FFCE5 /* glass.scn */; };
		8159C5FD1FF15275002FFCE5 /* bottle.scn in Resources */ = {isa = PBXBuildFile; fileRef = 8159C5FC1FF151A9002FFCE5 /* bottle.scn */; };
		818282101FEFC5FE00BE55B9 /* AppDelegate.swift in Sources */ = {isa = PBXBuildFile; fileRef = 8182820F1FEFC5FE00BE55B9 /* AppDelegate.swift */; };
		818282121FEFC5FE00BE55B9 /* PickPointsView.swift in Sources */ = {isa = PBXBuildFile; fileRef = 818282111FEFC5FE00BE55B9 /* PickPointsView.swift */; };
		818282151FEFC5FE00BE55B9 /* Main.storyboard in Resources */ = {isa = PBXBuildFile; fileRef = 818282131FEFC5FE00BE55B9 /* Main.storyboard */; };
		818282181FEFC5FE00BE55B9 /* CheckHowMakenavigateAR.xcdatamodeld in Sources */ = {isa = PBXBuildFile; fileRef = 818282161FEFC5FE00BE55B9 /* CheckHowMakenavigateAR.xcdatamodeld */; };
		8182821A1FEFC5FE00BE55B9 /* Assets.xcassets in Resources */ = {isa = PBXBuildFile; fileRef = 818282191FEFC5FE00BE55B9 /* Assets.xcassets */; };
		8182821D1FEFC5FE00BE55B9 /* LaunchScreen.storyboard in Resources */ = {isa = PBXBuildFile; fileRef = 8182821B1FEFC5FE00BE55B9 /* LaunchScreen.storyboard */; };
		818282271FEFC6DA00BE55B9 /* ShowRouteView.swift in Sources */ = {isa = PBXBuildFile; fileRef = 818282261FEFC6DA00BE55B9 /* ShowRouteView.swift */; };
		818282291FEFC6FD00BE55B9 /* PickPointsController.swift in Sources */ = {isa = PBXBuildFile; fileRef = 818282281FEFC6FD00BE55B9 /* PickPointsController.swift */; };
		8182822B1FEFCCC400BE55B9 /* ShowRouteController.swift in Sources */ = {isa = PBXBuildFile; fileRef = 8182822A1FEFCCC400BE55B9 /* ShowRouteController.swift */; };
		8182822E1FEFCD9D00BE55B9 /* BaseNode.swift in Sources */ = {isa = PBXBuildFile; fileRef = 8182822D1FEFCD9700BE55B9 /* BaseNode.swift */; };
		818282301FEFCE3300BE55B9 /* MatrixHelper.swift in Sources */ = {isa = PBXBuildFile; fileRef = 8182822F1FEFCE3300BE55B9 /* MatrixHelper.swift */; };
		818282321FEFCE8500BE55B9 /* MKRouteStep+Extension.swift in Sources */ = {isa = PBXBuildFile; fileRef = 818282311FEFCE8500BE55B9 /* MKRouteStep+Extension.swift */; };
		818282341FEFCF9B00BE55B9 /* CLLocation+Extension.swift in Sources */ = {isa = PBXBuildFile; fileRef = 818282331FEFCF9B00BE55B9 /* CLLocation+Extension.swift */; };
		818282361FEFCFC700BE55B9 /* Double+Extension.swift in Sources */ = {isa = PBXBuildFile; fileRef = 818282351FEFCFC700BE55B9 /* Double+Extension.swift */; };
		818282381FEFCFE500BE55B9 /* LocationTranslation.swift in Sources */ = {isa = PBXBuildFile; fileRef = 818282371FEFCFE500BE55B9 /* LocationTranslation.swift */; };
		8182823A1FEFD05D00BE55B9 /* CLLocationCoordinate2D+Extension.swift in Sources */ = {isa = PBXBuildFile; fileRef = 818282391FEFD05D00BE55B9 /* CLLocationCoordinate2D+Extension.swift */; };
		8182823C1FEFD08A00BE55B9 /* Constants.swift in Sources */ = {isa = PBXBuildFile; fileRef = 8182823B1FEFD08A00BE55B9 /* Constants.swift */; };
		8182823E1FEFDB1A00BE55B9 /* LocationService.swift in Sources */ = {isa = PBXBuildFile; fileRef = 8182823D1FEFDB1A00BE55B9 /* LocationService.swift */; };
		818282401FEFE7D900BE55B9 /* Singletone.swift in Sources */ = {isa = PBXBuildFile; fileRef = 8182823F1FEFE7D900BE55B9 /* Singletone.swift */; };
		818282431FF0023500BE55B9 /* addPlateView.swift in Sources */ = {isa = PBXBuildFile; fileRef = 818282421FF0023500BE55B9 /* addPlateView.swift */; };
		818282451FF0025100BE55B9 /* addPlateController.swift in Sources */ = {isa = PBXBuildFile; fileRef = 818282441FF0025100BE55B9 /* addPlateController.swift */; };
		818282481FF0073300BE55B9 /* ship.scn in Resources */ = {isa = PBXBuildFile; fileRef = 818282471FF0072700BE55B9 /* ship.scn */; };
/* End PBXBuildFile section */

/* Begin PBXFileReference section */
		815113C91FF2566B00402EB3 /* ChocolateCandyPlatter.scn */ = {isa = PBXFileReference; lastKnownFileType = file.bplist; path = ChocolateCandyPlatter.scn; sourceTree = "<group>"; };
		815113CB1FF2661E00402EB3 /* Can_Texture_PeaStew.png */ = {isa = PBXFileReference; lastKnownFileType = image.png; path = Can_Texture_PeaStew.png; sourceTree = "<group>"; };
		815113CE1FF2661F00402EB3 /* Can_Texture_Ministrone.png */ = {isa = PBXFileReference; lastKnownFileType = image.png; path = Can_Texture_Ministrone.png; sourceTree = "<group>"; };
		815113D11FF2662100402EB3 /* Can_Texture_TomatoSoup.png */ = {isa = PBXFileReference; lastKnownFileType = image.png; path = Can_Texture_TomatoSoup.png; sourceTree = "<group>"; };
		815113D21FF2669700402EB3 /* Can.scn */ = {isa = PBXFileReference; lastKnownFileType = file.bplist; path = Can.scn; sourceTree = "<group>"; };
		815113D61FF26DC900402EB3 /* ship.png */ = {isa = PBXFileReference; lastKnownFileType = image.png; path = ship.png; sourceTree = "<group>"; };
		815113D91FF2704500402EB3 /* Tarelka.png */ = {isa = PBXFileReference; lastKnownFileType = image.png; path = Tarelka.png; sourceTree = "<group>"; };
		815113E51FF2754B00402EB3 /* Soda_can_Print_color.tga */ = {isa = PBXFileReference; lastKnownFileType = file; path = Soda_can_Print_color.tga; sourceTree = "<group>"; };
		815113E71FF275DB00402EB3 /* Diet_soda.scn */ = {isa = PBXFileReference; lastKnownFileType = file.bplist; path = Diet_soda.scn; sourceTree = "<group>"; };
		8159C5EC1FF12F9E002FFCE5 /* glass.scn */ = {isa = PBXFileReference; lastKnownFileType = file.bplist; path = glass.scn; sourceTree = "<group>"; };
		8159C5EE1FF13013002FFCE5 /* Tarelka.scn */ = {isa = PBXFileReference; lastKnownFileType = file.bplist; path = Tarelka.scn; sourceTree = "<group>"; };
		8159C5F31FF131BC002FFCE5 /* ChocolateCake.scn */ = {isa = PBXFileReference; lastKnownFileType = file.bplist; path = ChocolateCake.scn; sourceTree = "<group>"; };
		8159C5FC1FF151A9002FFCE5 /* bottle.scn */ = {isa = PBXFileReference; lastKnownFileType = file.bplist; path = bottle.scn; sourceTree = "<group>"; };
		8182820C1FEFC5FE00BE55B9 /* CheckHowMakenavigateAR.app */ = {isa = PBXFileReference; explicitFileType = wrapper.application; includeInIndex = 0; path = CheckHowMakenavigateAR.app; sourceTree = BUILT_PRODUCTS_DIR; };
		8182820F1FEFC5FE00BE55B9 /* AppDelegate.swift */ = {isa = PBXFileReference; lastKnownFileType = sourcecode.swift; path = AppDelegate.swift; sourceTree = "<group>"; };
		818282111FEFC5FE00BE55B9 /* PickPointsView.swift */ = {isa = PBXFileReference; lastKnownFileType = sourcecode.swift; path = PickPointsView.swift; sourceTree = "<group>"; };
		818282141FEFC5FE00BE55B9 /* Base */ = {isa = PBXFileReference; lastKnownFileType = file.storyboard; name = Base; path = Base.lproj/Main.storyboard; sourceTree = "<group>"; };
		818282171FEFC5FE00BE55B9 /* CheckHowMakenavigateAR.xcdatamodel */ = {isa = PBXFileReference; lastKnownFileType = wrapper.xcdatamodel; path = CheckHowMakenavigateAR.xcdatamodel; sourceTree = "<group>"; };
		818282191FEFC5FE00BE55B9 /* Assets.xcassets */ = {isa = PBXFileReference; lastKnownFileType = folder.assetcatalog; path = Assets.xcassets; sourceTree = "<group>"; };
		8182821C1FEFC5FE00BE55B9 /* Base */ = {isa = PBXFileReference; lastKnownFileType = file.storyboard; name = Base; path = Base.lproj/LaunchScreen.storyboard; sourceTree = "<group>"; };
		8182821E1FEFC5FE00BE55B9 /* Info.plist */ = {isa = PBXFileReference; lastKnownFileType = text.plist.xml; path = Info.plist; sourceTree = "<group>"; };
		818282261FEFC6DA00BE55B9 /* ShowRouteView.swift */ = {isa = PBXFileReference; lastKnownFileType = sourcecode.swift; path = ShowRouteView.swift; sourceTree = "<group>"; };
		818282281FEFC6FD00BE55B9 /* PickPointsController.swift */ = {isa = PBXFileReference; lastKnownFileType = sourcecode.swift; path = PickPointsController.swift; sourceTree = "<group>"; };
		8182822A1FEFCCC400BE55B9 /* ShowRouteController.swift */ = {isa = PBXFileReference; lastKnownFileType = sourcecode.swift; path = ShowRouteController.swift; sourceTree = "<group>"; };
		8182822D1FEFCD9700BE55B9 /* BaseNode.swift */ = {isa = PBXFileReference; lastKnownFileType = sourcecode.swift; path = BaseNode.swift; sourceTree = "<group>"; };
		8182822F1FEFCE3300BE55B9 /* MatrixHelper.swift */ = {isa = PBXFileReference; lastKnownFileType = sourcecode.swift; path = MatrixHelper.swift; sourceTree = "<group>"; };
		818282311FEFCE8500BE55B9 /* MKRouteStep+Extension.swift */ = {isa = PBXFileReference; lastKnownFileType = sourcecode.swift; path = "MKRouteStep+Extension.swift"; sourceTree = "<group>"; };
		818282331FEFCF9B00BE55B9 /* CLLocation+Extension.swift */ = {isa = PBXFileReference; lastKnownFileType = sourcecode.swift; path = "CLLocation+Extension.swift"; sourceTree = "<group>"; };
		818282351FEFCFC700BE55B9 /* Double+Extension.swift */ = {isa = PBXFileReference; lastKnownFileType = sourcecode.swift; path = "Double+Extension.swift"; sourceTree = "<group>"; };
		818282371FEFCFE500BE55B9 /* LocationTranslation.swift */ = {isa = PBXFileReference; lastKnownFileType = sourcecode.swift; path = LocationTranslation.swift; sourceTree = "<group>"; };
		818282391FEFD05D00BE55B9 /* CLLocationCoordinate2D+Extension.swift */ = {isa = PBXFileReference; lastKnownFileType = sourcecode.swift; path = "CLLocationCoordinate2D+Extension.swift"; sourceTree = "<group>"; };
		8182823B1FEFD08A00BE55B9 /* Constants.swift */ = {isa = PBXFileReference; lastKnownFileType = sourcecode.swift; path = Constants.swift; sourceTree = "<group>"; };
		8182823D1FEFDB1A00BE55B9 /* LocationService.swift */ = {isa = PBXFileReference; lastKnownFileType = sourcecode.swift; path = LocationService.swift; sourceTree = "<group>"; };
		8182823F1FEFE7D900BE55B9 /* Singletone.swift */ = {isa = PBXFileReference; lastKnownFileType = sourcecode.swift; path = Singletone.swift; sourceTree = "<group>"; };
		818282421FF0023500BE55B9 /* addPlateView.swift */ = {isa = PBXFileReference; lastKnownFileType = sourcecode.swift; path = addPlateView.swift; sourceTree = "<group>"; };
		818282441FF0025100BE55B9 /* addPlateController.swift */ = {isa = PBXFileReference; lastKnownFileType = sourcecode.swift; path = addPlateController.swift; sourceTree = "<group>"; };
		818282471FF0072700BE55B9 /* ship.scn */ = {isa = PBXFileReference; lastKnownFileType = file.bplist; path = ship.scn; sourceTree = "<group>"; };
/* End PBXFileReference section */

/* Begin PBXFrameworksBuildPhase section */
		818282091FEFC5FE00BE55B9 /* Frameworks */ = {
			isa = PBXFrameworksBuildPhase;
			buildActionMask = 2147483647;
			files = (
			);
			runOnlyForDeploymentPostprocessing = 0;
		};
/* End PBXFrameworksBuildPhase section */

/* Begin PBXGroup section */
		815113D71FF26FBA00402EB3 /* can */ = {
			isa = PBXGroup;
			children = (
				815113CE1FF2661F00402EB3 /* Can_Texture_Ministrone.png */,
				815113CB1FF2661E00402EB3 /* Can_Texture_PeaStew.png */,
				815113D11FF2662100402EB3 /* Can_Texture_TomatoSoup.png */,
				815113D21FF2669700402EB3 /* Can.scn */,
			);
			path = can;
			sourceTree = "<group>";
		};
		815113DB1FF270AF00402EB3 /* Tarelka */ = {
			isa = PBXGroup;
			children = (
				8159C5EE1FF13013002FFCE5 /* Tarelka.scn */,
				815113D91FF2704500402EB3 /* Tarelka.png */,
			);
			path = Tarelka;
			sourceTree = "<group>";
		};
		815113E81FF275DF00402EB3 /* Diet-soda */ = {
			isa = PBXGroup;
			children = (
				815113E71FF275DB00402EB3 /* Diet_soda.scn */,
				815113E51FF2754B00402EB3 /* Soda_can_Print_color.tga */,
			);
			path = "Diet-soda";
			sourceTree = "<group>";
		};
		8159C5F71FF132A7002FFCE5 /* sd object */ = {
			isa = PBXGroup;
			children = (
				815113C91FF2566B00402EB3 /* ChocolateCandyPlatter.scn */,
				8159C5FC1FF151A9002FFCE5 /* bottle.scn */,
				8159C5F31FF131BC002FFCE5 /* ChocolateCake.scn */,
				8159C5EC1FF12F9E002FFCE5 /* glass.scn */,
				815113D61FF26DC900402EB3 /* ship.png */,
				818282471FF0072700BE55B9 /* ship.scn */,
			);
			path = "sd object";
			sourceTree = "<group>";
		};
		818282031FEFC5FE00BE55B9 = {
			isa = PBXGroup;
			children = (
				815113E81FF275DF00402EB3 /* Diet-soda */,
				815113DB1FF270AF00402EB3 /* Tarelka */,
				815113D71FF26FBA00402EB3 /* can */,
				8159C5F71FF132A7002FFCE5 /* sd object */,
				818282411FF0020B00BE55B9 /* add object in horizontal place  */,
				8182823F1FEFE7D900BE55B9 /* Singletone.swift */,
				8182822C1FEFCD7E00BE55B9 /* helper for location points files i not created  */,
				8182820E1FEFC5FE00BE55B9 /* CheckHowMakenavigateAR */,
				8182820D1FEFC5FE00BE55B9 /* Products */,
			);
			sourceTree = "<group>";
		};
		8182820D1FEFC5FE00BE55B9 /* Products */ = {
			isa = PBXGroup;
			children = (
				8182820C1FEFC5FE00BE55B9 /* CheckHowMakenavigateAR.app */,
			);
			name = Products;
			sourceTree = "<group>";
		};
		8182820E1FEFC5FE00BE55B9 /* CheckHowMakenavigateAR */ = {
			isa = PBXGroup;
			children = (
				818282251FEFC6B700BE55B9 /* show route in augmated reailty */,
				818282241FEFC6AC00BE55B9 /* pick points */,
				8182820F1FEFC5FE00BE55B9 /* AppDelegate.swift */,
				818282131FEFC5FE00BE55B9 /* Main.storyboard */,
				818282191FEFC5FE00BE55B9 /* Assets.xcassets */,
				8182821B1FEFC5FE00BE55B9 /* LaunchScreen.storyboard */,
				8182821E1FEFC5FE00BE55B9 /* Info.plist */,
				818282161FEFC5FE00BE55B9 /* CheckHowMakenavigateAR.xcdatamodeld */,
			);
			path = CheckHowMakenavigateAR;
			sourceTree = "<group>";
		};
		818282241FEFC6AC00BE55B9 /* pick points */ = {
			isa = PBXGroup;
			children = (
				818282111FEFC5FE00BE55B9 /* PickPointsView.swift */,
				818282281FEFC6FD00BE55B9 /* PickPointsController.swift */,
			);
			path = "pick points";
			sourceTree = "<group>";
		};
		818282251FEFC6B700BE55B9 /* show route in augmated reailty */ = {
			isa = PBXGroup;
			children = (
				818282261FEFC6DA00BE55B9 /* ShowRouteView.swift */,
				8182822A1FEFCCC400BE55B9 /* ShowRouteController.swift */,
			);
			path = "show route in augmated reailty";
			sourceTree = "<group>";
		};
		8182822C1FEFCD7E00BE55B9 /* helper for location points files i not created  */ = {
			isa = PBXGroup;
			children = (
				8182823D1FEFDB1A00BE55B9 /* LocationService.swift */,
				8182823B1FEFD08A00BE55B9 /* Constants.swift */,
				818282391FEFD05D00BE55B9 /* CLLocationCoordinate2D+Extension.swift */,
				818282371FEFCFE500BE55B9 /* LocationTranslation.swift */,
				818282351FEFCFC700BE55B9 /* Double+Extension.swift */,
				818282331FEFCF9B00BE55B9 /* CLLocation+Extension.swift */,
				818282311FEFCE8500BE55B9 /* MKRouteStep+Extension.swift */,
				8182822D1FEFCD9700BE55B9 /* BaseNode.swift */,
				8182822F1FEFCE3300BE55B9 /* MatrixHelper.swift */,
			);
			path = "helper for location points files i not created ";
			sourceTree = "<group>";
		};
		818282411FF0020B00BE55B9 /* add object in horizontal place  */ = {
			isa = PBXGroup;
			children = (
				818282421FF0023500BE55B9 /* addPlateView.swift */,
				818282441FF0025100BE55B9 /* addPlateController.swift */,
			);
			path = "add object in horizontal place ";
			sourceTree = "<group>";
		};
/* End PBXGroup section */

/* Begin PBXNativeTarget section */
		8182820B1FEFC5FE00BE55B9 /* CheckHowMakenavigateAR */ = {
			isa = PBXNativeTarget;
			buildConfigurationList = 818282211FEFC5FE00BE55B9 /* Build configuration list for PBXNativeTarget "CheckHowMakenavigateAR" */;
			buildPhases = (
				818282081FEFC5FE00BE55B9 /* Sources */,
				818282091FEFC5FE00BE55B9 /* Frameworks */,
				8182820A1FEFC5FE00BE55B9 /* Resources */,
			);
			buildRules = (
			);
			dependencies = (
			);
			name = CheckHowMakenavigateAR;
			productName = CheckHowMakenavigateAR;
			productReference = 8182820C1FEFC5FE00BE55B9 /* CheckHowMakenavigateAR.app */;
			productType = "com.apple.product-type.application";
		};
/* End PBXNativeTarget section */

/* Begin PBXProject section */
		818282041FEFC5FE00BE55B9 /* Project object */ = {
			isa = PBXProject;
			attributes = {
				LastSwiftUpdateCheck = 0900;
				LastUpgradeCheck = 0900;
				ORGANIZATIONNAME = "Ragaie alfy";
				TargetAttributes = {
					8182820B1FEFC5FE00BE55B9 = {
						CreatedOnToolsVersion = 9.0;
						ProvisioningStyle = Automatic;
					};
				};
			};
			buildConfigurationList = 818282071FEFC5FE00BE55B9 /* Build configuration list for PBXProject "CheckHowMakenavigateAR" */;
			compatibilityVersion = "Xcode 8.0";
			developmentRegion = en;
			hasScannedForEncodings = 0;
			knownRegions = (
				en,
				Base,
			);
			mainGroup = 818282031FEFC5FE00BE55B9;
			productRefGroup = 8182820D1FEFC5FE00BE55B9 /* Products */;
			projectDirPath = "";
			projectRoot = "";
			targets = (
				8182820B1FEFC5FE00BE55B9 /* CheckHowMakenavigateAR */,
			);
		};
/* End PBXProject section */

/* Begin PBXResourcesBuildPhase section */
		8182820A1FEFC5FE00BE55B9 /* Resources */ = {
			isa = PBXResourcesBuildPhase;
			buildActionMask = 2147483647;
			files = (
				8182821D1FEFC5FE00BE55B9 /* LaunchScreen.storyboard in Resources */,
				815114111FF27D6100402EB3 /* Diet_soda.scn in Resources */,
				815114131FF27DC400402EB3 /* Tarelka.png in Resources */,
				8159C5F51FF13277002FFCE5 /* Tarelka.scn in Resources */,
				815114161FF27E6900402EB3 /* Can_Texture_PeaStew.png in Resources */,
				8182821A1FEFC5FE00BE55B9 /* Assets.xcassets in Resources */,
				815114171FF27E6D00402EB3 /* Can_Texture_Ministrone.png in Resources */,
				818282481FF0073300BE55B9 /* ship.scn in Resources */,
				815114121FF27DBE00402EB3 /* Soda_can_Print_color.tga in Resources */,
				818282151FEFC5FE00BE55B9 /* Main.storyboard in Resources */,
				815113CA1FF2634E00402EB3 /* ChocolateCandyPlatter.scn in Resources */,
				815114151FF27E6700402EB3 /* Can_Texture_TomatoSoup.png in Resources */,
				815114141FF27E6400402EB3 /* Can.scn in Resources */,
				8159C5F61FF1327D002FFCE5 /* glass.scn in Resources */,
				8159C5FD1FF15275002FFCE5 /* bottle.scn in Resources */,
				8159C5F41FF1326D002FFCE5 /* ChocolateCake.scn in Resources */,
			);
			runOnlyForDeploymentPostprocessing = 0;
		};
/* End PBXResourcesBuildPhase section */

/* Begin PBXSourcesBuildPhase section */
		818282081FEFC5FE00BE55B9 /* Sources */ = {
			isa = PBXSourcesBuildPhase;
			buildActionMask = 2147483647;
			files = (
				818282451FF0025100BE55B9 /* addPlateController.swift in Sources */,
				818282321FEFCE8500BE55B9 /* MKRouteStep+Extension.swift in Sources */,
				818282121FEFC5FE00BE55B9 /* PickPointsView.swift in Sources */,
				8182823A1FEFD05D00BE55B9 /* CLLocationCoordinate2D+Extension.swift in Sources */,
				818282291FEFC6FD00BE55B9 /* PickPointsController.swift in Sources */,
				818282301FEFCE3300BE55B9 /* MatrixHelper.swift in Sources */,
				818282401FEFE7D900BE55B9 /* Singletone.swift in Sources */,
				818282431FF0023500BE55B9 /* addPlateView.swift in Sources */,
				818282271FEFC6DA00BE55B9 /* ShowRouteView.swift in Sources */,
				818282361FEFCFC700BE55B9 /* Double+Extension.swift in Sources */,
				8182823E1FEFDB1A00BE55B9 /* LocationService.swift in Sources */,
				818282181FEFC5FE00BE55B9 /* CheckHowMakenavigateAR.xcdatamodeld in Sources */,
				8182822B1FEFCCC400BE55B9 /* ShowRouteController.swift in Sources */,
				818282381FEFCFE500BE55B9 /* LocationTranslation.swift in Sources */,
				818282101FEFC5FE00BE55B9 /* AppDelegate.swift in Sources */,
				8182823C1FEFD08A00BE55B9 /* Constants.swift in Sources */,
				8182822E1FEFCD9D00BE55B9 /* BaseNode.swift in Sources */,
				818282341FEFCF9B00BE55B9 /* CLLocation+Extension.swift in Sources */,
			);
			runOnlyForDeploymentPostprocessing = 0;
		};
/* End PBXSourcesBuildPhase section */

/* Begin PBXVariantGroup section */
		818282131FEFC5FE00BE55B9 /* Main.storyboard */ = {
			isa = PBXVariantGroup;
			children = (
				818282141FEFC5FE00BE55B9 /* Base */,
			);
			name = Main.storyboard;
			sourceTree = "<group>";
		};
		8182821B1FEFC5FE00BE55B9 /* LaunchScreen.storyboard */ = {
			isa = PBXVariantGroup;
			children = (
				8182821C1FEFC5FE00BE55B9 /* Base */,
			);
			name = LaunchScreen.storyboard;
			sourceTree = "<group>";
		};
/* End PBXVariantGroup section */

/* Begin XCBuildConfiguration section */
		8182821F1FEFC5FE00BE55B9 /* Debug */ = {
			isa = XCBuildConfiguration;
			buildSettings = {
				ALWAYS_SEARCH_USER_PATHS = NO;
				CLANG_ANALYZER_NONNULL = YES;
				CLANG_ANALYZER_NUMBER_OBJECT_CONVERSION = YES_AGGRESSIVE;
				CLANG_CXX_LANGUAGE_STANDARD = "gnu++14";
				CLANG_CXX_LIBRARY = "libc++";
				CLANG_ENABLE_MODULES = YES;
				CLANG_ENABLE_OBJC_ARC = YES;
				CLANG_WARN_BLOCK_CAPTURE_AUTORELEASING = YES;
				CLANG_WARN_BOOL_CONVERSION = YES;
				CLANG_WARN_COMMA = YES;
				CLANG_WARN_CONSTANT_CONVERSION = YES;
				CLANG_WARN_DIRECT_OBJC_ISA_USAGE = YES_ERROR;
				CLANG_WARN_DOCUMENTATION_COMMENTS = YES;
				CLANG_WARN_EMPTY_BODY = YES;
				CLANG_WARN_ENUM_CONVERSION = YES;
				CLANG_WARN_INFINITE_RECURSION = YES;
				CLANG_WARN_INT_CONVERSION = YES;
				CLANG_WARN_NON_LITERAL_NULL_CONVERSION = YES;
				CLANG_WARN_OBJC_LITERAL_CONVERSION = YES;
				CLANG_WARN_OBJC_ROOT_CLASS = YES_ERROR;
				CLANG_WARN_RANGE_LOOP_ANALYSIS = YES;
				CLANG_WARN_STRICT_PROTOTYPES = YES;
				CLANG_WARN_SUSPICIOUS_MOVE = YES;
				CLANG_WARN_UNGUARDED_AVAILABILITY = YES_AGGRESSIVE;
				CLANG_WARN_UNREACHABLE_CODE = YES;
				CLANG_WARN__DUPLICATE_METHOD_MATCH = YES;
				CODE_SIGN_IDENTITY = "iPhone Developer";
				COPY_PHASE_STRIP = NO;
				DEBUG_INFORMATION_FORMAT = dwarf;
				ENABLE_STRICT_OBJC_MSGSEND = YES;
				ENABLE_TESTABILITY = YES;
				GCC_C_LANGUAGE_STANDARD = gnu11;
				GCC_DYNAMIC_NO_PIC = NO;
				GCC_NO_COMMON_BLOCKS = YES;
				GCC_OPTIMIZATION_LEVEL = 0;
				GCC_PREPROCESSOR_DEFINITIONS = (
					"DEBUG=1",
					"$(inherited)",
				);
				GCC_WARN_64_TO_32_BIT_CONVERSION = YES;
				GCC_WARN_ABOUT_RETURN_TYPE = YES_ERROR;
				GCC_WARN_UNDECLARED_SELECTOR = YES;
				GCC_WARN_UNINITIALIZED_AUTOS = YES_AGGRESSIVE;
				GCC_WARN_UNUSED_FUNCTION = YES;
				GCC_WARN_UNUSED_VARIABLE = YES;
				IPHONEOS_DEPLOYMENT_TARGET = 11.0;
				MTL_ENABLE_DEBUG_INFO = YES;
				ONLY_ACTIVE_ARCH = YES;
				SDKROOT = iphoneos;
				SWIFT_ACTIVE_COMPILATION_CONDITIONS = DEBUG;
				SWIFT_OPTIMIZATION_LEVEL = "-Onone";
			};
			name = Debug;
		};
		818282201FEFC5FE00BE55B9 /* Release */ = {
			isa = XCBuildConfiguration;
			buildSettings = {
				ALWAYS_SEARCH_USER_PATHS = NO;
				CLANG_ANALYZER_NONNULL = YES;
				CLANG_ANALYZER_NUMBER_OBJECT_CONVERSION = YES_AGGRESSIVE;
				CLANG_CXX_LANGUAGE_STANDARD = "gnu++14";
				CLANG_CXX_LIBRARY = "libc++";
				CLANG_ENABLE_MODULES = YES;
				CLANG_ENABLE_OBJC_ARC = YES;
				CLANG_WARN_BLOCK_CAPTURE_AUTORELEASING = YES;
				CLANG_WARN_BOOL_CONVERSION = YES;
				CLANG_WARN_COMMA = YES;
				CLANG_WARN_CONSTANT_CONVERSION = YES;
				CLANG_WARN_DIRECT_OBJC_ISA_USAGE = YES_ERROR;
				CLANG_WARN_DOCUMENTATION_COMMENTS = YES;
				CLANG_WARN_EMPTY_BODY = YES;
				CLANG_WARN_ENUM_CONVERSION = YES;
				CLANG_WARN_INFINITE_RECURSION = YES;
				CLANG_WARN_INT_CONVERSION = YES;
				CLANG_WARN_NON_LITERAL_NULL_CONVERSION = YES;
				CLANG_WARN_OBJC_LITERAL_CONVERSION = YES;
				CLANG_WARN_OBJC_ROOT_CLASS = YES_ERROR;
				CLANG_WARN_RANGE_LOOP_ANALYSIS = YES;
				CLANG_WARN_STRICT_PROTOTYPES = YES;
				CLANG_WARN_SUSPICIOUS_MOVE = YES;
				CLANG_WARN_UNGUARDED_AVAILABILITY = YES_AGGRESSIVE;
				CLANG_WARN_UNREACHABLE_CODE = YES;
				CLANG_WARN__DUPLICATE_METHOD_MATCH = YES;
				CODE_SIGN_IDENTITY = "iPhone Developer";
				COPY_PHASE_STRIP = NO;
				DEBUG_INFORMATION_FORMAT = "dwarf-with-dsym";
				ENABLE_NS_ASSERTIONS = NO;
				ENABLE_STRICT_OBJC_MSGSEND = YES;
				GCC_C_LANGUAGE_STANDARD = gnu11;
				GCC_NO_COMMON_BLOCKS = YES;
				GCC_WARN_64_TO_32_BIT_CONVERSION = YES;
				GCC_WARN_ABOUT_RETURN_TYPE = YES_ERROR;
				GCC_WARN_UNDECLARED_SELECTOR = YES;
				GCC_WARN_UNINITIALIZED_AUTOS = YES_AGGRESSIVE;
				GCC_WARN_UNUSED_FUNCTION = YES;
				GCC_WARN_UNUSED_VARIABLE = YES;
				IPHONEOS_DEPLOYMENT_TARGET = 11.0;
				MTL_ENABLE_DEBUG_INFO = NO;
				SDKROOT = iphoneos;
				SWIFT_OPTIMIZATION_LEVEL = "-Owholemodule";
				VALIDATE_PRODUCT = YES;
			};
			name = Release;
		};
		818282221FEFC5FE00BE55B9 /* Debug */ = {
			isa = XCBuildConfiguration;
			buildSettings = {
				ASSETCATALOG_COMPILER_APPICON_NAME = AppIcon;
				CODE_SIGN_STYLE = Automatic;
				DEVELOPMENT_TEAM = RKVSSJM9UR;
				INFOPLIST_FILE = CheckHowMakenavigateAR/Info.plist;
				LD_RUNPATH_SEARCH_PATHS = "$(inherited) @executable_path/Frameworks";
				PRODUCT_BUNDLE_IDENTIFIER = Chtar.CheckHowMakenavigateAR;
				PRODUCT_NAME = "$(TARGET_NAME)";
				SWIFT_VERSION = 4.0;
				TARGETED_DEVICE_FAMILY = "1,2";
			};
			name = Debug;
		};
		818282231FEFC5FE00BE55B9 /* Release */ = {
			isa = XCBuildConfiguration;
			buildSettings = {
				ASSETCATALOG_COMPILER_APPICON_NAME = AppIcon;
				CODE_SIGN_STYLE = Automatic;
				DEVELOPMENT_TEAM = RKVSSJM9UR;
				INFOPLIST_FILE = CheckHowMakenavigateAR/Info.plist;
				LD_RUNPATH_SEARCH_PATHS = "$(inherited) @executable_path/Frameworks";
				PRODUCT_BUNDLE_IDENTIFIER = Chtar.CheckHowMakenavigateAR;
				PRODUCT_NAME = "$(TARGET_NAME)";
				SWIFT_VERSION = 4.0;
				TARGETED_DEVICE_FAMILY = "1,2";
			};
			name = Release;
		};
/* End XCBuildConfiguration section */

/* Begin XCConfigurationList section */
		818282071FEFC5FE00BE55B9 /* Build configuration list for PBXProject "CheckHowMakenavigateAR" */ = {
			isa = XCConfigurationList;
			buildConfigurations = (
				8182821F1FEFC5FE00BE55B9 /* Debug */,
				818282201FEFC5FE00BE55B9 /* Release */,
			);
			defaultConfigurationIsVisible = 0;
			defaultConfigurationName = Release;
		};
		818282211FEFC5FE00BE55B9 /* Build configuration list for PBXNativeTarget "CheckHowMakenavigateAR" */ = {
			isa = XCConfigurationList;
			buildConfigurations = (
				818282221FEFC5FE00BE55B9 /* Debug */,
				818282231FEFC5FE00BE55B9 /* Release */,
			);
			defaultConfigurationIsVisible = 0;
			defaultConfigurationName = Release;
		};
/* End XCConfigurationList section */

/* Begin XCVersionGroup section */
		818282161FEFC5FE00BE55B9 /* CheckHowMakenavigateAR.xcdatamodeld */ = {
			isa = XCVersionGroup;
			children = (
				818282171FEFC5FE00BE55B9 /* CheckHowMakenavigateAR.xcdatamodel */,
			);
			currentVersion = 818282171FEFC5FE00BE55B9 /* CheckHowMakenavigateAR.xcdatamodel */;
			path = CheckHowMakenavigateAR.xcdatamodeld;
			sourceTree = "<group>";
			versionGroupType = wrapper.xcdatamodel;
		};
/* End XCVersionGroup section */
	};
	rootObject = 818282041FEFC5FE00BE55B9 /* Project object */;
}
